
Microsoft Visual Studio Solution File, Format Version 12.00
# Visual Studio Version 16
VisualStudioVersion = 16.0.31424.327
MinimumVisualStudioVersion = 10.0.40219.1
Project("{FAE04EC0-301F-11D3-BF4B-00C04F79EFBC}") = "biohof", "biohof\biohof.csproj", "{390EA53E-4BD1-40B2-AC4D-5261B4C0BDA6}"
EndProject
Global
	GlobalSection(SolutionConfigurationPlatforms) = preSolution
		Debug|Any CPU = Debug|Any CPU
		Release|Any CPU = Release|Any CPU
	EndGlobalSection
	GlobalSection(ProjectConfigurationPlatforms) = postSolution
		{390EA53E-4BD1-40B2-AC4D-5261B4C0BDA6}.Debug|Any CPU.ActiveCfg = Debug|Any CPU
		{390EA53E-4BD1-40B2-AC4D-5261B4C0BDA6}.Debug|Any CPU.Build.0 = Debug|Any CPU
		{390EA53E-4BD1-40B2-AC4D-5261B4C0BDA6}.Release|Any CPU.ActiveCfg = Release|Any CPU
		{390EA53E-4BD1-40B2-AC4D-5261B4C0BDA6}.Release|Any CPU.Build.0 = Release|Any CPU
	EndGlobalSection
	GlobalSection(SolutionProperties) = preSolution
		HideSolutionNode = FALSE
	EndGlobalSection
	GlobalSection(ExtensibilityGlobals) = postSolution
		SolutionGuid = {2DEC2543-03DC-48FF-B301-FE6340B0D5BC}
	EndGlobalSection
EndGlobal
